# THIS IS AN AUTOGENERATED FILE. DO NOT EDIT THIS FILE DIRECTLY.
# yarn lockfile v1


"@ldapjs/asn1@2.0.0":
  version "2.0.0"
  resolved "https://registry.yarnpkg.com/@ldapjs/asn1/-/asn1-2.0.0.tgz#e25fa38fcf0b4310275d6a5a05fe4603efef5eb4"
  integrity sha512-G9+DkEOirNgdPmD0I8nu57ygQJKOOgFEMKknEuQvIHbGLwP3ny1mY+OTUYLCbCaGJP4sox5eYgBJRuSUpnAddA==

"@ldapjs/asn1@^1.2.0":
  version "1.2.0"
  resolved "https://registry.yarnpkg.com/@ldapjs/asn1/-/asn1-1.2.0.tgz#5e99338fb39ff518c205827bec0fd9a6bf6b42db"
  integrity sha512-KX/qQJ2xxzvO2/WOvr1UdQ+8P5dVvuOLk/C9b1bIkXxZss8BaR28njXdPgFCpj5aHaf1t8PmuVnea+N9YG9YMw==

"@ldapjs/attribute@1.0.0":
  version "1.0.0"
  resolved "https://registry.yarnpkg.com/@ldapjs/attribute/-/attribute-1.0.0.tgz#d81d626080584c1c80ef300a214458f9f78a8abb"
  integrity sha512-ptMl2d/5xJ0q+RgmnqOi3Zgwk/TMJYG7dYMC0Keko+yZU6n+oFM59MjQOUht5pxJeS4FWrImhu/LebX24vJNRQ==
  dependencies:
    "@ldapjs/asn1" "2.0.0"
    "@ldapjs/protocol" "^1.2.1"
    process-warning "^2.1.0"

"@ldapjs/change@1.0.0":
  version "1.0.0"
  resolved "https://registry.yarnpkg.com/@ldapjs/change/-/change-1.0.0.tgz#34818a3a31cb337d3b90ab853bb7fa90517c2c4f"
  integrity sha512-EOQNFH1RIku3M1s0OAJOzGfAohuFYXFY4s73wOhRm4KFGhmQQ7MChOh2YtYu9Kwgvuq1B0xKciXVzHCGkB5V+Q==
  dependencies:
    "@ldapjs/asn1" "2.0.0"
    "@ldapjs/attribute" "1.0.0"

"@ldapjs/controls@2.0.0":
  version "2.0.0"
  resolved "https://registry.yarnpkg.com/@ldapjs/controls/-/controls-2.0.0.tgz#c1e2b90fc82e8b955ef2392c855bc730f7596484"
  integrity sha512-NpFmdIc2q83tYRGR2a3NDulKgU1e4YOgqjQmmMezCoN4Xz0tju4yB4eibQNC+Zg8YRW06KPwFPKbebDaCqFF0w==
  dependencies:
    "@ldapjs/asn1" "^1.2.0"
    "@ldapjs/protocol" "^1.2.1"

"@ldapjs/dn@1.0.0":
  version "1.0.0"
  resolved "https://registry.yarnpkg.com/@ldapjs/dn/-/dn-1.0.0.tgz#bc7ec14ba765f253ed498e7578777fa04a7984a1"
  integrity sha512-qPsJDC5dQU2TSkA/IpswvPEg9MU6TIjjq0UOCHtuUeD3eWihTUjHuu/dith4NFRKjBvgFnqRQvo+t0YC+3z0Rw==
  dependencies:
    "@ldapjs/asn1" "2.0.0"
    process-warning "^2.1.0"

"@ldapjs/filter@2.0.0":
  version "2.0.0"
  resolved "https://registry.yarnpkg.com/@ldapjs/filter/-/filter-2.0.0.tgz#5350c727ec5c93dc21d1861378ab3a535bd53e33"
  integrity sha512-7hMv5DNlHJk4qoGzCFGbbSV0vgvn2A7hZ4mt15557xDhw+BXjhryBvs8ANTHUpyaWvESbU+oNOsbBobNLZ45Nw==
  dependencies:
    "@ldapjs/asn1" "2.0.0"
    "@ldapjs/protocol" "^1.2.1"
    process-warning "^2.1.0"

"@ldapjs/messages@1.0.2":
  version "1.0.2"
  resolved "https://registry.yarnpkg.com/@ldapjs/messages/-/messages-1.0.2.tgz#693aaa6f7c2b89441a89147edb0273d3b43e5831"
  integrity sha512-aVYyqTDsIfnUt2Qr2syJi99M39h4ll9soggOtUjsf4Sv1xVQ/M5VY11T0h69S2fQ4NnaYi9iXd440LVU4MCCKQ==
  dependencies:
    "@ldapjs/asn1" "2.0.0"
    "@ldapjs/attribute" "1.0.0"
    "@ldapjs/change" "1.0.0"
    "@ldapjs/controls" "2.0.0"
    "@ldapjs/dn" "1.0.0"
    "@ldapjs/filter" "2.0.0"
    "@ldapjs/protocol" "1.2.1"
    process-warning "^2.1.0"

"@ldapjs/protocol@1.2.1", "@ldapjs/protocol@^1.2.1":
  version "1.2.1"
  resolved "https://registry.yarnpkg.com/@ldapjs/protocol/-/protocol-1.2.1.tgz#d58d371d6958f28095e8de23b35341bcaba55cf3"
  integrity sha512-O89xFDLW2gBoZWNXuXpBSM32/KealKCTb3JGtJdtUQc7RjAk8XzrRgyz02cPAwGKwKPxy0ivuC7UP9bmN87egQ==

"@types/ldapjs@^2.2.0":
  version "2.2.5"
  resolved "https://registry.yarnpkg.com/@types/ldapjs/-/ldapjs-2.2.5.tgz#b6623bc5ad4fab85ef3cfa586db691d016a3598c"
  integrity sha512-Lv/nD6QDCmcT+V1vaTRnEKE8UgOilVv5pHcQuzkU1LcRe4mbHHuUo/KHi0LKrpdHhQY8FJzryF38fcVdeUIrzg==
  dependencies:
    "@types/node" "*"

"@types/node@*":
  version "20.1.0"
  resolved "https://registry.yarnpkg.com/@types/node/-/node-20.1.0.tgz#258805edc37c327cf706e64c6957f241ca4c4c20"
  integrity sha512-O+z53uwx64xY7D6roOi4+jApDGFg0qn6WHcxe5QeqjMaTezBO/mxdfFXIVAVVyNWKx84OmPB3L8kbVYOTeN34A==

abstract-logging@^2.0.1:
  version "2.0.1"
  resolved "https://registry.yarnpkg.com/abstract-logging/-/abstract-logging-2.0.1.tgz#6b0c371df212db7129b57d2e7fcf282b8bf1c839"
  integrity sha512-2BjRTZxTPvheOvGbBslFSYOUkr+SjPtOnrLP33f+VIWLzezQpZcqVg7ja3L4dBXmzzgwT+a029jRx5PCi3JuiA==

assert-plus@^1.0.0:
  version "1.0.0"
  resolved "https://registry.yarnpkg.com/assert-plus/-/assert-plus-1.0.0.tgz#f12e0f3c5d77b0b1cdd9146942e4e96c1e4dd525"
  integrity sha512-NfJ4UzBCcQGLDlQq7nHxH+tv3kyZ0hHQqF5BO6J7tNJeP5do1llPr8dZ8zHonfhAu0PHAdMkSo+8o0wxg9lZWw==

backoff@^2.5.0:
  version "2.5.0"
  resolved "https://registry.yarnpkg.com/backoff/-/backoff-2.5.0.tgz#f616eda9d3e4b66b8ca7fca79f695722c5f8e26f"
  integrity sha512-wC5ihrnUXmR2douXmXLCe5O3zg3GKIyvRi/hi58a/XyRxVI+3/yM0PYueQOZXPXQ9pxBislYkw+sF9b7C/RuMA==
  dependencies:
    precond "0.2"

core-util-is@1.0.2:
  version "1.0.2"
  resolved "https://registry.yarnpkg.com/core-util-is/-/core-util-is-1.0.2.tgz#b5fd54220aa2bc5ab57aab7140c940754503c1a7"
  integrity sha512-3lqz5YjWTYnW6dlDa5TLaTCcShfar1e40rmcJVwCBJC6mWlFuj0eCHIElmG1g5kyuJ/GD+8Wn4FFCcz4gJPfaQ==

dotenv@^16.0.3:
  version "16.0.3"
  resolved "https://registry.yarnpkg.com/dotenv/-/dotenv-16.0.3.tgz#115aec42bac5053db3c456db30cc243a5a836a07"
  integrity sha512-7GO6HghkA5fYG9TYnNxi14/7K9f5occMlp3zXAuSxn7CKCxt9xbNWG7yF8hTCSUchlfWSe3uLmlPfigevRItzQ==

extsprintf@^1.2.0:
  version "1.4.1"
  resolved "https://registry.yarnpkg.com/extsprintf/-/extsprintf-1.4.1.tgz#8d172c064867f235c0c84a596806d279bf4bcc07"
  integrity sha512-Wrk35e8ydCKDj/ArClo1VrPVmN8zph5V4AtHwIuHhvMXsKf73UT3BOD+azBIW+3wOJ4FhEH7zyaJCFvChjYvMA==

isc-radius@^0.2.1:
  version "0.2.1"
  resolved "https://registry.yarnpkg.com/isc-radius/-/isc-radius-0.2.1.tgz#9c902b04f6ca176b3e3bae4cebc2aa7a0cf05dea"
  integrity sha512-+6fR//sMnQ4ZoBVryIlKcIiNd8pLK/D2678rb005uGMrTuHl/ZdtjaDjBi0yrewTS6+bBDOUzV885xUMBiuyjg==

ldapjs-promise@^3.0.1:
  version "3.0.1"
  resolved "https://registry.yarnpkg.com/ldapjs-promise/-/ldapjs-promise-3.0.1.tgz#e5e51f79932d9b190432f15f296882ab2c72ed92"
  integrity sha512-o6xyPmjjQ/+g0VaPVW/+Ks16r3FpRwHgl2G/3j51iUqYOaEZ4gsMNxEf3I8f4oiYHFMwtl3Aj9jdBU3bdE6c9A==
  dependencies:
    "@types/ldapjs" "^2.2.0"
    abstract-logging "^2.0.1"
    ldapjs "^3.0.1"

ldapjs@^3.0.1:
  version "3.0.2"
  resolved "https://registry.yarnpkg.com/ldapjs/-/ldapjs-3.0.2.tgz#1f21fd4ae6e77b78ef3b56d0643a656553761f13"
  integrity sha512-EBxQaBmgXk1DEaYYJWkp5i5PtSLRI2CWtm1gzxG5buOt40Q7j3zY6MbpRDkach/Cnxr3qSyLHiyXvvkLCOXw+Q==
  dependencies:
    "@ldapjs/asn1" "2.0.0"
    "@ldapjs/attribute" "1.0.0"
    "@ldapjs/change" "1.0.0"
    "@ldapjs/controls" "2.0.0"
    "@ldapjs/dn" "1.0.0"
    "@ldapjs/filter" "2.0.0"
    "@ldapjs/messages" "1.0.2"
    "@ldapjs/protocol" "^1.2.1"
    abstract-logging "^2.0.1"
    assert-plus "^1.0.0"
    backoff "^2.5.0"
    once "^1.4.0"
    vasync "^2.2.1"
    verror "^1.10.1"

once@^1.4.0:
  version "1.4.0"
  resolved "https://registry.yarnpkg.com/once/-/once-1.4.0.tgz#583b1aa775961d4b113ac17d9c50baef9dd76bd1"
  integrity sha512-lNaJgI+2Q5URQBkccEKHTQOPaXdUxnZZElQTZY0MFUAuaEqe1E+Nyvgdz/aIyNi6Z9MzO5dv1H8n58/GELp3+w==
  dependencies:
    wrappy "1"

precond@0.2:
  version "0.2.3"
  resolved "https://registry.yarnpkg.com/precond/-/precond-0.2.3.tgz#aa9591bcaa24923f1e0f4849d240f47efc1075ac"
  integrity sha512-QCYG84SgGyGzqJ/vlMsxeXd/pgL/I94ixdNFyh1PusWmTCyVfPJjZ1K1jvHtsbfnXQs2TSkEP2fR7QiMZAnKFQ==

process-warning@^2.1.0:
  version "2.2.0"
  resolved "https://registry.yarnpkg.com/process-warning/-/process-warning-2.2.0.tgz#008ec76b579820a8e5c35d81960525ca64feb626"
  integrity sha512-/1WZ8+VQjR6avWOgHeEPd7SDQmFQ1B5mC1eRXsCm5TarlNmx/wCsa5GEaxGm05BORRtyG/Ex/3xq3TuRvq57qg==

vasync@^2.2.1:
  version "2.2.1"
  resolved "https://registry.yarnpkg.com/vasync/-/vasync-2.2.1.tgz#d881379ff3685e4affa8e775cf0fd369262a201b"
  integrity sha512-Hq72JaTpcTFdWiNA4Y22Amej2GH3BFmBaKPPlDZ4/oC8HNn2ISHLkFrJU4Ds8R3jcUi7oo5Y9jcMHKjES+N9wQ==
  dependencies:
    verror "1.10.0"

verror@1.10.0:
  version "1.10.0"
  resolved "https://registry.yarnpkg.com/verror/-/verror-1.10.0.tgz#3a105ca17053af55d6e270c1f8288682e18da400"
  integrity sha512-ZZKSmDAEFOijERBLkmYfJ+vmk3w+7hOLYDNkRCuRuMJGEmqYNCNLyBBFwWKVMhfwaEF3WOd0Zlw86U/WC/+nYw==
  dependencies:
    assert-plus "^1.0.0"
    core-util-is "1.0.2"
    extsprintf "^1.2.0"

verror@^1.10.1:
  version "1.10.1"
  resolved "https://registry.yarnpkg.com/verror/-/verror-1.10.1.tgz#4bf09eeccf4563b109ed4b3d458380c972b0cdeb"
  integrity sha512-veufcmxri4e3XSrT0xwfUR7kguIkaxBeosDg00yDWhk49wdwkSUrvvsm7nc75e1PUyvIeZj6nS8VQRYz2/S4Xg==
  dependencies:
    assert-plus "^1.0.0"
    core-util-is "1.0.2"
    extsprintf "^1.2.0"

wrappy@1:
  version "1.0.2"
  resolved "https://registry.yarnpkg.com/wrappy/-/wrappy-1.0.2.tgz#b5243d8f3ec1aa35f1364605bc0d1036e30ab69f"
  integrity sha512-l4Sp/DRseor9wL6EvV2+TuQn63dMkPjZ/sp9XkghTEbV9KlPS1xUsZ3u7/IQO4wxtcFB4bgpQPRcR3QCvezPcQ==
